
Microsoft Visual Studio Solution File, Format Version 12.00
# Visual Studio Version 16
VisualStudioVersion = 16.0.29409.12
MinimumVisualStudioVersion = 10.0.40219.1
Project("{FAE04EC0-301F-11D3-BF4B-00C04F79EFBC}") = "ParseCmdLineArgs", "ParseCmdLineArgs\ParseCmdLineArgs.csproj", "{5FD9E12F-F0C8-435D-A43E-F02069F86D6A}"
EndProject
Global
	GlobalSection(SolutionConfigurationPlatforms) = preSolution
		Debug|Any CPU = Debug|Any CPU
		Release|Any CPU = Release|Any CPU
	EndGlobalSection
	GlobalSection(ProjectConfigurationPlatforms) = postSolution
		{5FD9E12F-F0C8-435D-A43E-F02069F86D6A}.Debug|Any CPU.ActiveCfg = Debug|Any CPU
		{5FD9E12F-F0C8-435D-A43E-F02069F86D6A}.Debug|Any CPU.Build.0 = Debug|Any CPU
		{5FD9E12F-F0C8-435D-A43E-F02069F86D6A}.Release|Any CPU.ActiveCfg = Release|Any CPU
		{5FD9E12F-F0C8-435D-A43E-F02069F86D6A}.Release|Any CPU.Build.0 = Release|Any CPU
	EndGlobalSection
	GlobalSection(SolutionProperties) = preSolution
		HideSolutionNode = FALSE
	EndGlobalSection
	GlobalSection(ExtensibilityGlobals) = postSolution
		SolutionGuid = {34FC3F5E-3598-41F9-9191-0264F9AE4E53}
	EndGlobalSection
EndGlobal
